<?xml version="1.0" encoding="utf-8"?>
<Project ToolsVersion="4.0" xmlns="http://schemas.microsoft.com/developer/msbuild/2003">
  <ItemGroup>
    <Filter Include="Source Files">
      <UniqueIdentifier>{4FC737F1-C7A5-4376-A066-2A32D752A2FF}</UniqueIdentifier>
      <Extensions>cpp;c;cc;cxx;c++;cppm;ixx;def;odl;idl;hpj;bat;asm;asmx</Extensions>
    </Filter>
    <Filter Include="Header Files">
      <UniqueIdentifier>{93995380-89BD-4b04-88EB-625FBE52EBFB}</UniqueIdentifier>
      <Extensions>h;hh;hpp;hxx;h++;hm;inl;inc;ipp;xsd</Extensions>
    </Filter>
    <Filter Include="Resource Files">
      <UniqueIdentifier>{67DA6AB6-F800-4c08-8B7A-83BB121AAD01}</UniqueIdentifier>
      <Extensions>rc;ico;cur;bmp;dlg;rc2;rct;bin;rgs;gif;jpg;jpeg;jpe;resx;tiff;tif;png;wav;mfcribbon-ms</Extensions>
    </Filter>
  </ItemGroup>
  <ItemGroup>
    <ClCompile Include="main.cpp">
      <Filter>Source Files</Filter>
    </ClCompile>
    <ClCompile Include="gameobject.cpp">
      <Filter>Source Files</Filter>
    </ClCompile>
    <ClCompile Include="log.cpp">
      <Filter>Source Files</Filter>
    </ClCompile>
    <ClCompile Include="mainloop.cpp">
      <Filter>Source Files</Filter>
    </ClCompile>
    <ClCompile Include="utility.cpp">
      <Filter>Source Files</Filter>
    </ClCompile>
    <ClCompile Include="base_event.cpp">
      <Filter>Source Files</Filter>
    </ClCompile>
    <ClCompile Include="window.cpp">
      <Filter>Source Files</Filter>
    </ClCompile>
    <ClCompile Include="gl_error_handler.cpp">
      <Filter>Source Files</Filter>
    </ClCompile>
    <ClCompile Include="cursor.cpp">
      <Filter>Source Files</Filter>
    </ClCompile>
    <ClCompile Include="graphics_engine.cpp">
      <Filter>Source Files</Filter>
    </ClCompile>
    <ClCompile Include="animation.cpp">
      <Filter>Source Files</Filter>
    </ClCompile>
    <ClCompile Include="base_shader_program.cpp">
      <Filter>Source Files</Filter>
    </ClCompile>
    <ClCompile Include="buffered_buffer.cpp">
      <Filter>Source Files</Filter>
    </ClCompile>
    <ClCompile Include="camera.cpp">
      <Filter>Source Files</Filter>
    </ClCompile>
    <ClCompile Include="compute_shader_program.cpp">
      <Filter>Source Files</Filter>
    </ClCompile>
    <ClCompile Include="framebuffer.cpp">
      <Filter>Source Files</Filter>
    </ClCompile>
    <ClCompile Include="indirect_draw_command.cpp">
      <Filter>Source Files</Filter>
    </ClCompile>
    <ClCompile Include="meshold.cpp">
      <Filter>Source Files</Filter>
    </ClCompile>
    <ClCompile Include="mesh_multifromfile.cpp">
      <Filter>Source Files</Filter>
    </ClCompile>
    <ClCompile Include="mesh_provider.cpp">
      <Filter>Source Files</Filter>
    </ClCompile>
    <ClCompile Include="mesh_voxels.cpp">
      <Filter>Source Files</Filter>
    </ClCompile>
    <ClCompile Include="meshpoolold.cpp">
      <Filter>Source Files</Filter>
    </ClCompile>
    <ClCompile Include="shader_input_provider.cpp">
      <Filter>Source Files</Filter>
    </ClCompile>
    <ClCompile Include="shader_program.cpp">
      <Filter>Source Files</Filter>
    </ClCompile>
    <ClCompile Include="stb_image.cpp">
      <Filter>Source Files</Filter>
    </ClCompile>
    <ClCompile Include="text_mesh.cpp">
      <Filter>Source Files</Filter>
    </ClCompile>
    <ClCompile Include="texture.cpp">
      <Filter>Source Files</Filter>
    </ClCompile>
    <ClCompile Include="texture_atlas.cpp">
      <Filter>Source Files</Filter>
    </ClCompile>
    <ClCompile Include="texture_collection.cpp">
      <Filter>Source Files</Filter>
    </ClCompile>
    <ClCompile Include="tinyobjloader.cpp">
      <Filter>Source Files</Filter>
    </ClCompile>
    <ClCompile Include="let_me_hash_a_tuple.cpp">
      <Filter>Source Files</Filter>
    </ClCompile>
    <ClCompile Include="checked_uint.cpp">
      <Filter>Source Files</Filter>
    </ClCompile>
    <ClCompile Include="static_meshpool.cpp">
      <Filter>Source Files</Filter>
    </ClCompile>
    <ClCompile Include="rendergroup.cpp">
      <Filter>Source Files</Filter>
    </ClCompile>
    <ClCompile Include="mesh.cpp">
      <Filter>Source Files</Filter>
    </ClCompile>
    <ClCompile Include="rendergraph.cpp">
      <Filter>Source Files</Filter>
    </ClCompile>
    <ClCompile Include="mesh_format.cpp">
      <Filter>Source Files</Filter>
    </ClCompile>
    <ClCompile Include="collider.cpp">
      <Filter>Source Files</Filter>
    </ClCompile>
    <ClCompile Include="renderbuffer.cpp">
      <Filter>Source Files</Filter>
    </ClCompile>
    <ClCompile Include="physics_engine.cpp">
      <Filter>Source Files</Filter>
    </ClCompile>
    <ClCompile Include="aabb_tree.cpp">
      <Filter>Source Files</Filter>
    </ClCompile>
    <ClCompile Include="debug_prefabs.cpp">
      <Filter>Source Files</Filter>
    </ClCompile>
    <ClCompile Include="physics_mesh.cpp">
      <Filter>Source Files</Filter>
    </ClCompile>
    <ClCompile Include="raycast.cpp">
      <Filter>Source Files</Filter>
    </ClCompile>
    <ClCompile Include="collision_detection.cpp">
      <Filter>Source Files</Filter>
    </ClCompile>
    <ClCompile Include="clustered_lighting.cpp">
      <Filter>Source Files</Filter>
    </ClCompile>
    <ClCompile Include="constraint.cpp">
      <Filter>Source Files</Filter>
    </ClCompile>
    <ClCompile Include="gui.cpp">
      <Filter>Source Files</Filter>
    </ClCompile>
    <ClCompile Include="rendergraph_node.cpp">
      <Filter>Source Files</Filter>
    </ClCompile>
    <ClCompile Include="networking_engine.cpp">
      <Filter>Source Files</Filter>
    </ClCompile>
  </ItemGroup>
  <ItemGroup>
    <ClInclude Include="gameobject.hpp">
      <Filter>Header Files</Filter>
    </ClInclude>
    <ClInclude Include="memory_pool.hpp">
      <Filter>Header Files</Filter>
    </ClInclude>
    <ClInclude Include="assert.hpp">
      <Filter>Header Files</Filter>
    </ClInclude>
    <ClInclude Include="log.hpp">
      <Filter>Header Files</Filter>
    </ClInclude>
    <ClInclude Include="mainloop.hpp">
      <Filter>Header Files</Filter>
    </ClInclude>
    <ClInclude Include="utility.hpp">
      <Filter>Header Files</Filter>
    </ClInclude>
    <ClInclude Include="graphics_engine.hpp">
      <Filter>Header Files</Filter>
    </ClInclude>
    <ClInclude Include="window.hpp">
      <Filter>Header Files</Filter>
    </ClInclude>
    <ClInclude Include="event.hpp">
      <Filter>Header Files</Filter>
    </ClInclude>
    <ClInclude Include="base_event.hpp">
      <Filter>Header Files</Filter>
    </ClInclude>
    <ClInclude Include="cursor.hpp">
      <Filter>Header Files</Filter>
    </ClInclude>
    <ClInclude Include="texture_collection.hpp">
      <Filter>Header Files</Filter>
    </ClInclude>
    <ClInclude Include="texture_atlas.hpp">
      <Filter>Header Files</Filter>
    </ClInclude>
    <ClInclude Include="texture.hpp">
      <Filter>Header Files</Filter>
    </ClInclude>
    <ClInclude Include="shader_program.hpp">
      <Filter>Header Files</Filter>
    </ClInclude>
    <ClInclude Include="shader_input_provider.hpp">
      <Filter>Header Files</Filter>
    </ClInclude>
    <ClInclude Include="meshpoolold.hpp">
      <Filter>Header Files</Filter>
    </ClInclude>
    <ClInclude Include="mesh_provider.hpp">
      <Filter>Header Files</Filter>
    </ClInclude>
    <ClInclude Include="meshold.hpp">
      <Filter>Header Files</Filter>
    </ClInclude>
    <ClInclude Include="indirect_draw_command.hpp">
      <Filter>Header Files</Filter>
    </ClInclude>
    <ClInclude Include="framebuffer.hpp">
      <Filter>Header Files</Filter>
    </ClInclude>
    <ClInclude Include="compute_shader_program.hpp">
      <Filter>Header Files</Filter>
    </ClInclude>
    <ClInclude Include="camera.hpp">
      <Filter>Header Files</Filter>
    </ClInclude>
    <ClInclude Include="buffered_buffer.hpp">
      <Filter>Header Files</Filter>
    </ClInclude>
    <ClInclude Include="base_shader_program.hpp">
      <Filter>Header Files</Filter>
    </ClInclude>
    <ClInclude Include="animation.hpp">
      <Filter>Header Files</Filter>
    </ClInclude>
    <ClInclude Include="rendergraph_node.hpp">
      <Filter>Header Files</Filter>
    </ClInclude>
    <ClInclude Include="rendergraph.hpp">
      <Filter>Header Files</Filter>
    </ClInclude>
    <ClInclude Include="let_me_hash_a_tuple.hpp">
      <Filter>Header Files</Filter>
    </ClInclude>
    <ClInclude Include="checked_uint.hpp">
      <Filter>Header Files</Filter>
    </ClInclude>
    <ClInclude Include="static_meshpool.hpp">
      <Filter>Header Files</Filter>
    </ClInclude>
    <ClInclude Include="mesh.hpp">
      <Filter>Header Files</Filter>
    </ClInclude>
    <ClInclude Include="rendergroup.hpp">
      <Filter>Header Files</Filter>
    </ClInclude>
    <ClInclude Include="mesh_format.hpp">
      <Filter>Header Files</Filter>
    </ClInclude>
    <ClInclude Include="tiny_obj_loader.h">
      <Filter>Header Files</Filter>
    </ClInclude>
    <ClInclude Include="collider.hpp">
      <Filter>Header Files</Filter>
    </ClInclude>
    <ClInclude Include="clustered_lighting.hpp">
      <Filter>Header Files</Filter>
    </ClInclude>
    <ClInclude Include="renderbuffer.hpp">
      <Filter>Header Files</Filter>
    </ClInclude>
    <ClInclude Include="physics_engine.hpp">
      <Filter>Header Files</Filter>
    </ClInclude>
    <ClInclude Include="physics_mesh.hpp">
      <Filter>Header Files</Filter>
    </ClInclude>
    <ClInclude Include="aabb.hpp">
      <Filter>Header Files</Filter>
    </ClInclude>
    <ClInclude Include="aabb_tree.hpp">
      <Filter>Header Files</Filter>
    </ClInclude>
    <ClInclude Include="debug_prefabs.hpp">
      <Filter>Header Files</Filter>
    </ClInclude>
    <ClInclude Include="raycast.hpp">
      <Filter>Header Files</Filter>
    </ClInclude>
    <ClInclude Include="collision_detection.hpp">
      <Filter>Header Files</Filter>
    </ClInclude>
    <ClInclude Include="constraint.hpp">
      <Filter>Header Files</Filter>
    </ClInclude>
    <ClInclude Include="light.hpp">
      <Filter>Header Files</Filter>
    </ClInclude>
    <ClInclude Include="local_client.hpp">
      <Filter>Header Files</Filter>
    </ClInclude>
    <ClInclude Include="remote_client.hpp">
      <Filter>Header Files</Filter>
    </ClInclude>
    <ClInclude Include="gui.hpp">
      <Filter>Header Files</Filter>
    </ClInclude>
    <ClInclude Include="game.hpp">
      <Filter>Header Files</Filter>
    </ClInclude>
    <ClInclude Include="networking_engine.hpp">
      <Filter>Header Files</Filter>
    </ClInclude>
  </ItemGroup>
</Project>